
Microsoft Visual Studio Solution File, Format Version 12.00
# Visual Studio Version 17
VisualStudioVersion = 17.11.35327.3
MinimumVisualStudioVersion = 10.0.40219.1
Project("{FAE04EC0-301F-11D3-BF4B-00C04F79EFBC}") = "Projeto1", "Projeto1\Projeto1.csproj", "{87C60048-1273-4230-8126-4BA246F73828}"
EndProject
Global
	GlobalSection(SolutionConfigurationPlatforms) = preSolution
		Debug|Any CPU = Debug|Any CPU
		Release|Any CPU = Release|Any CPU
	EndGlobalSection
	GlobalSection(ProjectConfigurationPlatforms) = postSolution
		{87C60048-1273-4230-8126-4BA246F73828}.Debug|Any CPU.ActiveCfg = Debug|Any CPU
		{87C60048-1273-4230-8126-4BA246F73828}.Debug|Any CPU.Build.0 = Debug|Any CPU
		{87C60048-1273-4230-8126-4BA246F73828}.Release|Any CPU.ActiveCfg = Release|Any CPU
		{87C60048-1273-4230-8126-4BA246F73828}.Release|Any CPU.Build.0 = Release|Any CPU
	EndGlobalSection
	GlobalSection(SolutionProperties) = preSolution
		HideSolutionNode = FALSE
	EndGlobalSection
	GlobalSection(ExtensibilityGlobals) = postSolution
		SolutionGuid = {7779D58B-F39F-41F1-ACF3-553B21C9DE41}
	EndGlobalSection
EndGlobal
